
Microsoft Visual Studio Solution File, Format Version 12.00
# Visual Studio Version 17
VisualStudioVersion = 17.3.32929.385
MinimumVisualStudioVersion = 10.0.40219.1
Project("{FAE04EC0-301F-11D3-BF4B-00C04F79EFBC}") = "Task17", "Task17\Task17.csproj", "{F79B703E-CCA8-4964-9BA1-35A5D5EA79F7}"
EndProject
Global
	GlobalSection(SolutionConfigurationPlatforms) = preSolution
		Debug|Any CPU = Debug|Any CPU
		Release|Any CPU = Release|Any CPU
	EndGlobalSection
	GlobalSection(ProjectConfigurationPlatforms) = postSolution
		{F79B703E-CCA8-4964-9BA1-35A5D5EA79F7}.Debug|Any CPU.ActiveCfg = Debug|Any CPU
		{F79B703E-CCA8-4964-9BA1-35A5D5EA79F7}.Debug|Any CPU.Build.0 = Debug|Any CPU
		{F79B703E-CCA8-4964-9BA1-35A5D5EA79F7}.Release|Any CPU.ActiveCfg = Release|Any CPU
		{F79B703E-CCA8-4964-9BA1-35A5D5EA79F7}.Release|Any CPU.Build.0 = Release|Any CPU
	EndGlobalSection
	GlobalSection(SolutionProperties) = preSolution
		HideSolutionNode = FALSE
	EndGlobalSection
	GlobalSection(ExtensibilityGlobals) = postSolution
		SolutionGuid = {0AD6A2EA-3059-4366-B56A-93B99382D04C}
	EndGlobalSection
EndGlobal
